
Microsoft Visual Studio Solution File, Format Version 12.00
# Visual Studio 15
VisualStudioVersion = 15.0.28010.2050
MinimumVisualStudioVersion = 10.0.40219.1
Project("{9A19103F-16F7-4668-BE54-9A1E7A4F7556}") = "SpeakerMeet.API", "SpeakerMeet.API\SpeakerMeet.API.csproj", "{45AE0819-26F7-49D4-B968-F84FBFC023DE}"
EndProject
Project("{9A19103F-16F7-4668-BE54-9A1E7A4F7556}") = "SpeakerMeet.DTO", "SpeakerMeet.DTO\SpeakerMeet.DTO.csproj", "{C45E6912-BF64-4688-93D9-4E1A82EE1BC8}"
EndProject
Project("{9A19103F-16F7-4668-BE54-9A1E7A4F7556}") = "SpeakerMeet.Services.Interfaces", "SpeakerMeet.Services.Interfaces\SpeakerMeet.Services.Interfaces.csproj", "{907555CC-B1A7-4CFE-BC66-E0C5375FE869}"
EndProject
Project("{9A19103F-16F7-4668-BE54-9A1E7A4F7556}") = "SpeakerMeet.Services", "SpeakerMeet.Services\SpeakerMeet.Services.csproj", "{9C847696-0CB0-4E44-8DE3-F056E7BE486F}"
EndProject
Project("{9A19103F-16F7-4668-BE54-9A1E7A4F7556}") = "SpeakerMeet.API.Tests", "SpeakerMeet.API.Tests\SpeakerMeet.API.Tests.csproj", "{0740521E-F764-47D3-A1D0-1E1F2C66D087}"
EndProject
Project("{9A19103F-16F7-4668-BE54-9A1E7A4F7556}") = "SpeakerMeet.Services.Tests", "SpeakerMeet.Services.Tests\SpeakerMeet.Services.Tests.csproj", "{17AE68BD-BDDD-4A4B-952A-9E068C83E552}"
EndProject
Project("{FAE04EC0-301F-11D3-BF4B-00C04F79EFBC}") = "SpeakerMeet.DTO.Tests", "SpeakerMeet.DTO.Tests\SpeakerMeet.DTO.Tests.csproj", "{02E40606-F76A-415B-BAEB-8404ECCF3787}"
EndProject
Project("{FAE04EC0-301F-11D3-BF4B-00C04F79EFBC}") = "SpeakerMeet.Repositories.Interfaces", "SpeakerMeet.Repositories.Interfaces\SpeakerMeet.Repositories.Interfaces.csproj", "{0BCC835F-1D0C-4299-8DD5-A0648E62FEE2}"
EndProject
Global
	GlobalSection(SolutionConfigurationPlatforms) = preSolution
		Debug|Any CPU = Debug|Any CPU
		Release|Any CPU = Release|Any CPU
	EndGlobalSection
	GlobalSection(ProjectConfigurationPlatforms) = postSolution
		{45AE0819-26F7-49D4-B968-F84FBFC023DE}.Debug|Any CPU.ActiveCfg = Debug|Any CPU
		{45AE0819-26F7-49D4-B968-F84FBFC023DE}.Debug|Any CPU.Build.0 = Debug|Any CPU
		{45AE0819-26F7-49D4-B968-F84FBFC023DE}.Release|Any CPU.ActiveCfg = Release|Any CPU
		{45AE0819-26F7-49D4-B968-F84FBFC023DE}.Release|Any CPU.Build.0 = Release|Any CPU
		{C45E6912-BF64-4688-93D9-4E1A82EE1BC8}.Debug|Any CPU.ActiveCfg = Debug|Any CPU
		{C45E6912-BF64-4688-93D9-4E1A82EE1BC8}.Debug|Any CPU.Build.0 = Debug|Any CPU
		{C45E6912-BF64-4688-93D9-4E1A82EE1BC8}.Release|Any CPU.ActiveCfg = Release|Any CPU
		{C45E6912-BF64-4688-93D9-4E1A82EE1BC8}.Release|Any CPU.Build.0 = Release|Any CPU
		{907555CC-B1A7-4CFE-BC66-E0C5375FE869}.Debug|Any CPU.ActiveCfg = Debug|Any CPU
		{907555CC-B1A7-4CFE-BC66-E0C5375FE869}.Debug|Any CPU.Build.0 = Debug|Any CPU
		{907555CC-B1A7-4CFE-BC66-E0C5375FE869}.Release|Any CPU.ActiveCfg = Release|Any CPU
		{907555CC-B1A7-4CFE-BC66-E0C5375FE869}.Release|Any CPU.Build.0 = Release|Any CPU
		{9C847696-0CB0-4E44-8DE3-F056E7BE486F}.Debug|Any CPU.ActiveCfg = Debug|Any CPU
		{9C847696-0CB0-4E44-8DE3-F056E7BE486F}.Debug|Any CPU.Build.0 = Debug|Any CPU
		{9C847696-0CB0-4E44-8DE3-F056E7BE486F}.Release|Any CPU.ActiveCfg = Release|Any CPU
		{9C847696-0CB0-4E44-8DE3-F056E7BE486F}.Release|Any CPU.Build.0 = Release|Any CPU
		{0740521E-F764-47D3-A1D0-1E1F2C66D087}.Debug|Any CPU.ActiveCfg = Debug|Any CPU
		{0740521E-F764-47D3-A1D0-1E1F2C66D087}.Debug|Any CPU.Build.0 = Debug|Any CPU
		{0740521E-F764-47D3-A1D0-1E1F2C66D087}.Release|Any CPU.ActiveCfg = Release|Any CPU
		{0740521E-F764-47D3-A1D0-1E1F2C66D087}.Release|Any CPU.Build.0 = Release|Any CPU
		{17AE68BD-BDDD-4A4B-952A-9E068C83E552}.Debug|Any CPU.ActiveCfg = Debug|Any CPU
		{17AE68BD-BDDD-4A4B-952A-9E068C83E552}.Debug|Any CPU.Build.0 = Debug|Any CPU
		{17AE68BD-BDDD-4A4B-952A-9E068C83E552}.Release|Any CPU.ActiveCfg = Release|Any CPU
		{17AE68BD-BDDD-4A4B-952A-9E068C83E552}.Release|Any CPU.Build.0 = Release|Any CPU
		{02E40606-F76A-415B-BAEB-8404ECCF3787}.Debug|Any CPU.ActiveCfg = Debug|Any CPU
		{02E40606-F76A-415B-BAEB-8404ECCF3787}.Debug|Any CPU.Build.0 = Debug|Any CPU
		{02E40606-F76A-415B-BAEB-8404ECCF3787}.Release|Any CPU.ActiveCfg = Release|Any CPU
		{02E40606-F76A-415B-BAEB-8404ECCF3787}.Release|Any CPU.Build.0 = Release|Any CPU
		{0BCC835F-1D0C-4299-8DD5-A0648E62FEE2}.Debug|Any CPU.ActiveCfg = Debug|Any CPU
		{0BCC835F-1D0C-4299-8DD5-A0648E62FEE2}.Debug|Any CPU.Build.0 = Debug|Any CPU
		{0BCC835F-1D0C-4299-8DD5-A0648E62FEE2}.Release|Any CPU.ActiveCfg = Release|Any CPU
		{0BCC835F-1D0C-4299-8DD5-A0648E62FEE2}.Release|Any CPU.Build.0 = Release|Any CPU
	EndGlobalSection
	GlobalSection(SolutionProperties) = preSolution
		HideSolutionNode = FALSE
	EndGlobalSection
	GlobalSection(ExtensibilityGlobals) = postSolution
		SolutionGuid = {A2114F41-7C48-4D61-9C06-BCD9737AD3DD}
	EndGlobalSection
EndGlobal
