
Microsoft Visual Studio Solution File, Format Version 12.00
# Visual Studio 15
VisualStudioVersion = 15.0.28010.2050
MinimumVisualStudioVersion = 10.0.40219.1
Project("{FAE04EC0-301F-11D3-BF4B-00C04F79EFBC}") = "SpeakerMeet.Services.Tests", "SpeakerMeet.Services.Tests\SpeakerMeet.Services.Tests.csproj", "{917EC0C8-88A7-4891-BEE3-4B389534C56D}"
EndProject
Project("{FAE04EC0-301F-11D3-BF4B-00C04F79EFBC}") = "SpeakerMeet.API", "SpeakerMeet.API\SpeakerMeet.API.csproj", "{45AE0819-26F7-49D4-B968-F84FBFC023DE}"
EndProject
Global
	GlobalSection(SolutionConfigurationPlatforms) = preSolution
		Debug|Any CPU = Debug|Any CPU
		Release|Any CPU = Release|Any CPU
	EndGlobalSection
	GlobalSection(ProjectConfigurationPlatforms) = postSolution
		{917EC0C8-88A7-4891-BEE3-4B389534C56D}.Debug|Any CPU.ActiveCfg = Debug|Any CPU
		{917EC0C8-88A7-4891-BEE3-4B389534C56D}.Debug|Any CPU.Build.0 = Debug|Any CPU
		{917EC0C8-88A7-4891-BEE3-4B389534C56D}.Release|Any CPU.ActiveCfg = Release|Any CPU
		{917EC0C8-88A7-4891-BEE3-4B389534C56D}.Release|Any CPU.Build.0 = Release|Any CPU
		{45AE0819-26F7-49D4-B968-F84FBFC023DE}.Debug|Any CPU.ActiveCfg = Debug|Any CPU
		{45AE0819-26F7-49D4-B968-F84FBFC023DE}.Debug|Any CPU.Build.0 = Debug|Any CPU
		{45AE0819-26F7-49D4-B968-F84FBFC023DE}.Release|Any CPU.ActiveCfg = Release|Any CPU
		{45AE0819-26F7-49D4-B968-F84FBFC023DE}.Release|Any CPU.Build.0 = Release|Any CPU
	EndGlobalSection
	GlobalSection(SolutionProperties) = preSolution
		HideSolutionNode = FALSE
	EndGlobalSection
	GlobalSection(ExtensibilityGlobals) = postSolution
		SolutionGuid = {A2114F41-7C48-4D61-9C06-BCD9737AD3DD}
	EndGlobalSection
EndGlobal
